
Microsoft Visual Studio Solution File, Format Version 12.00
# Visual Studio Version 16
VisualStudioVersion = 16.0.29613.14
MinimumVisualStudioVersion = 10.0.40219.1
Project("{FAE04EC0-301F-11D3-BF4B-00C04F79EFBC}") = "Projeto", "Projeto.csproj", "{B09A99F8-A0B5-411A-B333-CEAE04F5AB22}"
EndProject
Global
	GlobalSection(SolutionConfigurationPlatforms) = preSolution
		Debug|Any CPU = Debug|Any CPU
		Release|Any CPU = Release|Any CPU
	EndGlobalSection
	GlobalSection(ProjectConfigurationPlatforms) = postSolution
		{B09A99F8-A0B5-411A-B333-CEAE04F5AB22}.Debug|Any CPU.ActiveCfg = Debug|Any CPU
		{B09A99F8-A0B5-411A-B333-CEAE04F5AB22}.Debug|Any CPU.Build.0 = Debug|Any CPU
		{B09A99F8-A0B5-411A-B333-CEAE04F5AB22}.Release|Any CPU.ActiveCfg = Release|Any CPU
		{B09A99F8-A0B5-411A-B333-CEAE04F5AB22}.Release|Any CPU.Build.0 = Release|Any CPU
	EndGlobalSection
	GlobalSection(SolutionProperties) = preSolution
		HideSolutionNode = FALSE
	EndGlobalSection
	GlobalSection(ExtensibilityGlobals) = postSolution
		SolutionGuid = {BC06CF89-CBAA-4C78-BC71-EB7CCAC8747D}
	EndGlobalSection
EndGlobal
